
Microsoft Visual Studio Solution File, Format Version 12.00
# Visual Studio Version 17
VisualStudioVersion = 17.0.31912.275
MinimumVisualStudioVersion = 10.0.40219.1
Project("{FAE04EC0-301F-11D3-BF4B-00C04F79EFBC}") = "InterviewTasks", "InterviewTasks\InterviewTasks.csproj", "{CEA243CD-3AD1-46CE-A4C7-9EB2D5D9FF55}"
EndProject
Global
	GlobalSection(SolutionConfigurationPlatforms) = preSolution
		Debug|Any CPU = Debug|Any CPU
		Release|Any CPU = Release|Any CPU
	EndGlobalSection
	GlobalSection(ProjectConfigurationPlatforms) = postSolution
		{CEA243CD-3AD1-46CE-A4C7-9EB2D5D9FF55}.Debug|Any CPU.ActiveCfg = Debug|Any CPU
		{CEA243CD-3AD1-46CE-A4C7-9EB2D5D9FF55}.Debug|Any CPU.Build.0 = Debug|Any CPU
		{CEA243CD-3AD1-46CE-A4C7-9EB2D5D9FF55}.Release|Any CPU.ActiveCfg = Release|Any CPU
		{CEA243CD-3AD1-46CE-A4C7-9EB2D5D9FF55}.Release|Any CPU.Build.0 = Release|Any CPU
	EndGlobalSection
	GlobalSection(SolutionProperties) = preSolution
		HideSolutionNode = FALSE
	EndGlobalSection
	GlobalSection(ExtensibilityGlobals) = postSolution
		SolutionGuid = {81ACEA27-C7FE-4BB4-A949-A520E18EB70C}
	EndGlobalSection
EndGlobal
